
Microsoft Visual Studio Solution File, Format Version 12.00
# Visual Studio 15
VisualStudioVersion = 15.0.28307.136
MinimumVisualStudioVersion = 10.0.40219.1
Project("{FAE04EC0-301F-11D3-BF4B-00C04F79EFBC}") = "API_Conector_Json", "API_Conector_Json\API_Conector_Json.csproj", "{331B0CA3-80B3-462A-BEF7-D94C7BFEBA9C}"
EndProject
Global
	GlobalSection(SolutionConfigurationPlatforms) = preSolution
		Debug|Any CPU = Debug|Any CPU
		Release|Any CPU = Release|Any CPU
	EndGlobalSection
	GlobalSection(ProjectConfigurationPlatforms) = postSolution
		{331B0CA3-80B3-462A-BEF7-D94C7BFEBA9C}.Debug|Any CPU.ActiveCfg = Debug|Any CPU
		{331B0CA3-80B3-462A-BEF7-D94C7BFEBA9C}.Debug|Any CPU.Build.0 = Debug|Any CPU
		{331B0CA3-80B3-462A-BEF7-D94C7BFEBA9C}.Release|Any CPU.ActiveCfg = Release|Any CPU
		{331B0CA3-80B3-462A-BEF7-D94C7BFEBA9C}.Release|Any CPU.Build.0 = Release|Any CPU
	EndGlobalSection
	GlobalSection(SolutionProperties) = preSolution
		HideSolutionNode = FALSE
	EndGlobalSection
	GlobalSection(ExtensibilityGlobals) = postSolution
		SolutionGuid = {960D92DB-D41D-4573-B716-EB6F58EB4B13}
	EndGlobalSection
EndGlobal
